{
  "name": "portfolio",
  "lockfileVersion": 3,
  "requires": true,
  "packages": {
    "": {
      "dependencies": {
        "sticky-sidebar": "^3.3.1"
      }
    },
    "node_modules/sticky-sidebar": {
      "version": "3.3.1",
      "resolved": "https://registry.npmjs.org/sticky-sidebar/-/sticky-sidebar-3.3.1.tgz",
      "integrity": "sha512-9ljX5GP9B1sov0kzGmQeQL5CdearSGH5y9cy3wE3wiGiLtgo577EekE8tNgnqr5ys/d++2+MlCCf4ICbNoaJ3A=="
    }
  }
}
